<Solution>
  <Configurations>
    <Platform Name="Any CPU" />
    <Platform Name="x64" />
    <Platform Name="x86" />
  </Configurations>
  <Folder Name="/src/">
    <Project Path="src/iTextSharp.LGPLv2.Core.FunctionalTests/iTextSharp.LGPLv2.Core.FunctionalTests.csproj" />
    <Project Path="src/iTextSharp.LGPLv2.Core/iTextSharp.LGPLv2.Core.csproj" />
  </Folder>
</Solution>
